// !$*UTF8*$!
{
	archiveVersion = 1;
	classes = {
	};
	objectVersion = 54;
	objects = {

/* Begin PBXBuildFile section */
		1F2D7B6A2742D97700AAB11E /* PrintLogger.swift in Sources */ = {isa = PBXBuildFile; fileRef = 1F2D7B692742D97700AAB11E /* PrintLogger.swift */; };
		5FB2050826D03B2600C4DBE1 /* ITwinMobile in Frameworks */ = {isa = PBXBuildFile; productRef = 5FB2050726D03B2600C4DBE1 /* ITwinMobile */; };
		5FD7518326DD9D4C00DC3060 /* DocumentPicker.swift in Sources */ = {isa = PBXBuildFile; fileRef = 5FD7518126DD9D4C00DC3060 /* DocumentPicker.swift */; };
		5FD7518426DD9D4C00DC3060 /* ModelApplication.swift in Sources */ = {isa = PBXBuildFile; fileRef = 5FD7518226DD9D4C00DC3060 /* ModelApplication.swift */; };
		5FDD749626CDA9520007FBC6 /* SwiftUIStarterApp.swift in Sources */ = {isa = PBXBuildFile; fileRef = 5FDD749526CDA9520007FBC6 /* SwiftUIStarterApp.swift */; };
		5FDD749A26CDA9530007FBC6 /* Assets.xcassets in Resources */ = {isa = PBXBuildFile; fileRef = 5FDD749926CDA9530007FBC6 /* Assets.xcassets */; };
		5FDD749D26CDA9530007FBC6 /* Preview Assets.xcassets in Resources */ = {isa = PBXBuildFile; fileRef = 5FDD749C26CDA9530007FBC6 /* Preview Assets.xcassets */; };
		C3B2F715277B56930023FAC7 /* OIDAuthorizationService+Ext.swift in Sources */ = {isa = PBXBuildFile; fileRef = C3B2F714277B56930023FAC7 /* OIDAuthorizationService+Ext.swift */; };
		C3B2F717277B56BF0023FAC7 /* OIDAuthState+Ext.swift in Sources */ = {isa = PBXBuildFile; fileRef = C3B2F716277B56BF0023FAC7 /* OIDAuthState+Ext.swift */; };
		C3B2F719277B57410023FAC7 /* URLSession+Ext.swift in Sources */ = {isa = PBXBuildFile; fileRef = C3B2F718277B57410023FAC7 /* URLSession+Ext.swift */; };
		C3B2F71C277B578E0023FAC7 /* CustomErrors.swift in Sources */ = {isa = PBXBuildFile; fileRef = C3B2F71B277B578E0023FAC7 /* CustomErrors.swift */; };
		C3B2F71F277B59340023FAC7 /* ProjectsList.swift in Sources */ = {isa = PBXBuildFile; fileRef = C3B2F71E277B59340023FAC7 /* ProjectsList.swift */; };
		C3B2F721277B65A70023FAC7 /* ProjectDetailView.swift in Sources */ = {isa = PBXBuildFile; fileRef = C3B2F720277B65A70023FAC7 /* ProjectDetailView.swift */; };
		C3B2F723277B6AFC0023FAC7 /* ProjectDetailViewModel.swift in Sources */ = {isa = PBXBuildFile; fileRef = C3B2F722277B6AFC0023FAC7 /* ProjectDetailViewModel.swift */; };
		C3B2F725277B6DB60023FAC7 /* iModel.swift in Sources */ = {isa = PBXBuildFile; fileRef = C3B2F724277B6DB60023FAC7 /* iModel.swift */; };
		C3B2F727277B9CE00023FAC7 /* URL+Ext.swift in Sources */ = {isa = PBXBuildFile; fileRef = C3B2F726277B9CE00023FAC7 /* URL+Ext.swift */; };
		C3B2F729277B9F2C0023FAC7 /* ProjectsListViewModel.swift in Sources */ = {isa = PBXBuildFile; fileRef = C3B2F728277B9F2C0023FAC7 /* ProjectsListViewModel.swift */; };
		C3B2F72C277BAE170023FAC7 /* iModelView.swift in Sources */ = {isa = PBXBuildFile; fileRef = C3B2F72B277BAE170023FAC7 /* iModelView.swift */; };
		C3B2F72E277BAFD10023FAC7 /* iModelViewModel.swift in Sources */ = {isa = PBXBuildFile; fileRef = C3B2F72D277BAFD10023FAC7 /* iModelViewModel.swift */; };
		C3B2F732277BB26A0023FAC7 /* SwiftUIModelApplication.swift in Sources */ = {isa = PBXBuildFile; fileRef = C3B2F731277BB26A0023FAC7 /* SwiftUIModelApplication.swift */; };
		C3BEC250276D16B00023E88A /* Home.swift in Sources */ = {isa = PBXBuildFile; fileRef = C3BEC24F276D16B00023E88A /* Home.swift */; };
		C3CD1CCB277A217100ACFE0F /* HomeViewModel.swift in Sources */ = {isa = PBXBuildFile; fileRef = C3CD1CCA277A217100ACFE0F /* HomeViewModel.swift */; };
		C3CD1CCE277A259A00ACFE0F /* AppDelegate.swift in Sources */ = {isa = PBXBuildFile; fileRef = C3CD1CCD277A259A00ACFE0F /* AppDelegate.swift */; };
		C3CD1CD1277A266B00ACFE0F /* AuthHelpers.swift in Sources */ = {isa = PBXBuildFile; fileRef = C3CD1CD0277A266B00ACFE0F /* AuthHelpers.swift */; };
		C3CD1CD4277A2EED00ACFE0F /* UIApplication+Ext.swift in Sources */ = {isa = PBXBuildFile; fileRef = C3CD1CD3277A2EED00ACFE0F /* UIApplication+Ext.swift */; };
		C3CD1CD6277A40EE00ACFE0F /* iTwinRequests.swift in Sources */ = {isa = PBXBuildFile; fileRef = C3CD1CD5277A40EE00ACFE0F /* iTwinRequests.swift */; };
		C3CD1CD9277A423200ACFE0F /* Project.swift in Sources */ = {isa = PBXBuildFile; fileRef = C3CD1CD8277A423200ACFE0F /* Project.swift */; };
		C3E296CF277CFB940010F5ED /* SwiftUiModelAppAuthClient.swift in Sources */ = {isa = PBXBuildFile; fileRef = C3E296CE277CFB940010F5ED /* SwiftUiModelAppAuthClient.swift */; };
		C3E296D1277CFBD60010F5ED /* iTwinMessages.swift in Sources */ = {isa = PBXBuildFile; fileRef = C3E296D0277CFBD60010F5ED /* iTwinMessages.swift */; };
		C3E296DA277E03ED0010F5ED /* iModelLocationMapView.swift in Sources */ = {isa = PBXBuildFile; fileRef = C3E296D9277E03ED0010F5ED /* iModelLocationMapView.swift */; };
		C3E296DC277E046F0010F5ED /* iModelLocationMapViewModel.swift in Sources */ = {isa = PBXBuildFile; fileRef = C3E296DB277E046F0010F5ED /* iModelLocationMapViewModel.swift */; };
/* End PBXBuildFile section */

/* Begin PBXFileReference section */
		1F2D7B692742D97700AAB11E /* PrintLogger.swift */ = {isa = PBXFileReference; fileEncoding = 4; lastKnownFileType = sourcecode.swift; path = PrintLogger.swift; sourceTree = "<group>"; };
		1F56529626D4651B002C7260 /* iOSSamples.xcconfig */ = {isa = PBXFileReference; fileEncoding = 4; lastKnownFileType = text.xcconfig; name = iOSSamples.xcconfig; path = ../iOSSamples.xcconfig; sourceTree = "<group>"; };
		1F56529726D4651B002C7260 /* ITMApplication.xcconfig */ = {isa = PBXFileReference; fileEncoding = 4; lastKnownFileType = text.xcconfig; name = ITMApplication.xcconfig; path = ../ITMApplication.xcconfig; sourceTree = "<group>"; };
		5FD7518126DD9D4C00DC3060 /* DocumentPicker.swift */ = {isa = PBXFileReference; fileEncoding = 4; lastKnownFileType = sourcecode.swift; path = DocumentPicker.swift; sourceTree = "<group>"; };
		5FD7518226DD9D4C00DC3060 /* ModelApplication.swift */ = {isa = PBXFileReference; fileEncoding = 4; lastKnownFileType = sourcecode.swift; path = ModelApplication.swift; sourceTree = "<group>"; };
		5FDD749226CDA9520007FBC6 /* SwiftUIStarter.app */ = {isa = PBXFileReference; explicitFileType = wrapper.application; includeInIndex = 0; path = SwiftUIStarter.app; sourceTree = BUILT_PRODUCTS_DIR; };
		5FDD749526CDA9520007FBC6 /* SwiftUIStarterApp.swift */ = {isa = PBXFileReference; lastKnownFileType = sourcecode.swift; path = SwiftUIStarterApp.swift; sourceTree = "<group>"; };
		5FDD749926CDA9530007FBC6 /* Assets.xcassets */ = {isa = PBXFileReference; lastKnownFileType = folder.assetcatalog; path = Assets.xcassets; sourceTree = "<group>"; };
		5FDD749C26CDA9530007FBC6 /* Preview Assets.xcassets */ = {isa = PBXFileReference; lastKnownFileType = folder.assetcatalog; path = "Preview Assets.xcassets"; sourceTree = "<group>"; };
		5FDD749E26CDA9530007FBC6 /* Info.plist */ = {isa = PBXFileReference; lastKnownFileType = text.plist.xml; path = Info.plist; sourceTree = "<group>"; };
		C3B2F714277B56930023FAC7 /* OIDAuthorizationService+Ext.swift */ = {isa = PBXFileReference; lastKnownFileType = sourcecode.swift; path = "OIDAuthorizationService+Ext.swift"; sourceTree = "<group>"; };
		C3B2F716277B56BF0023FAC7 /* OIDAuthState+Ext.swift */ = {isa = PBXFileReference; lastKnownFileType = sourcecode.swift; path = "OIDAuthState+Ext.swift"; sourceTree = "<group>"; };
		C3B2F718277B57410023FAC7 /* URLSession+Ext.swift */ = {isa = PBXFileReference; lastKnownFileType = sourcecode.swift; path = "URLSession+Ext.swift"; sourceTree = "<group>"; };
		C3B2F71B277B578E0023FAC7 /* CustomErrors.swift */ = {isa = PBXFileReference; lastKnownFileType = sourcecode.swift; path = CustomErrors.swift; sourceTree = "<group>"; };
		C3B2F71E277B59340023FAC7 /* ProjectsList.swift */ = {isa = PBXFileReference; lastKnownFileType = sourcecode.swift; path = ProjectsList.swift; sourceTree = "<group>"; };
		C3B2F720277B65A70023FAC7 /* ProjectDetailView.swift */ = {isa = PBXFileReference; lastKnownFileType = sourcecode.swift; path = ProjectDetailView.swift; sourceTree = "<group>"; };
		C3B2F722277B6AFC0023FAC7 /* ProjectDetailViewModel.swift */ = {isa = PBXFileReference; lastKnownFileType = sourcecode.swift; path = ProjectDetailViewModel.swift; sourceTree = "<group>"; };
		C3B2F724277B6DB60023FAC7 /* iModel.swift */ = {isa = PBXFileReference; lastKnownFileType = sourcecode.swift; path = iModel.swift; sourceTree = "<group>"; };
		C3B2F726277B9CE00023FAC7 /* URL+Ext.swift */ = {isa = PBXFileReference; lastKnownFileType = sourcecode.swift; path = "URL+Ext.swift"; sourceTree = "<group>"; };
		C3B2F728277B9F2C0023FAC7 /* ProjectsListViewModel.swift */ = {isa = PBXFileReference; lastKnownFileType = sourcecode.swift; path = ProjectsListViewModel.swift; sourceTree = "<group>"; };
		C3B2F72B277BAE170023FAC7 /* iModelView.swift */ = {isa = PBXFileReference; lastKnownFileType = sourcecode.swift; path = iModelView.swift; sourceTree = "<group>"; };
		C3B2F72D277BAFD10023FAC7 /* iModelViewModel.swift */ = {isa = PBXFileReference; lastKnownFileType = sourcecode.swift; path = iModelViewModel.swift; sourceTree = "<group>"; };
		C3B2F731277BB26A0023FAC7 /* SwiftUIModelApplication.swift */ = {isa = PBXFileReference; lastKnownFileType = sourcecode.swift; path = SwiftUIModelApplication.swift; sourceTree = "<group>"; };
		C3BEC24F276D16B00023E88A /* Home.swift */ = {isa = PBXFileReference; lastKnownFileType = sourcecode.swift; path = Home.swift; sourceTree = "<group>"; };
		C3CD1CCA277A217100ACFE0F /* HomeViewModel.swift */ = {isa = PBXFileReference; lastKnownFileType = sourcecode.swift; path = HomeViewModel.swift; sourceTree = "<group>"; };
		C3CD1CCD277A259A00ACFE0F /* AppDelegate.swift */ = {isa = PBXFileReference; lastKnownFileType = sourcecode.swift; path = AppDelegate.swift; sourceTree = "<group>"; };
		C3CD1CD0277A266B00ACFE0F /* AuthHelpers.swift */ = {isa = PBXFileReference; lastKnownFileType = sourcecode.swift; path = AuthHelpers.swift; sourceTree = "<group>"; };
		C3CD1CD3277A2EED00ACFE0F /* UIApplication+Ext.swift */ = {isa = PBXFileReference; lastKnownFileType = sourcecode.swift; path = "UIApplication+Ext.swift"; sourceTree = "<group>"; };
		C3CD1CD5277A40EE00ACFE0F /* iTwinRequests.swift */ = {isa = PBXFileReference; lastKnownFileType = sourcecode.swift; path = iTwinRequests.swift; sourceTree = "<group>"; };
		C3CD1CD8277A423200ACFE0F /* Project.swift */ = {isa = PBXFileReference; lastKnownFileType = sourcecode.swift; path = Project.swift; sourceTree = "<group>"; };
		C3E296CE277CFB940010F5ED /* SwiftUiModelAppAuthClient.swift */ = {isa = PBXFileReference; lastKnownFileType = sourcecode.swift; path = SwiftUiModelAppAuthClient.swift; sourceTree = "<group>"; };
		C3E296D0277CFBD60010F5ED /* iTwinMessages.swift */ = {isa = PBXFileReference; lastKnownFileType = sourcecode.swift; path = iTwinMessages.swift; sourceTree = "<group>"; };
		C3E296D9277E03ED0010F5ED /* iModelLocationMapView.swift */ = {isa = PBXFileReference; lastKnownFileType = sourcecode.swift; path = iModelLocationMapView.swift; sourceTree = "<group>"; };
		C3E296DB277E046F0010F5ED /* iModelLocationMapViewModel.swift */ = {isa = PBXFileReference; lastKnownFileType = sourcecode.swift; path = iModelLocationMapViewModel.swift; sourceTree = "<group>"; };
/* End PBXFileReference section */

/* Begin PBXFrameworksBuildPhase section */
		5FDD748F26CDA9520007FBC6 /* Frameworks */ = {
			isa = PBXFrameworksBuildPhase;
			buildActionMask = 2147483647;
			files = (
				5FB2050826D03B2600C4DBE1 /* ITwinMobile in Frameworks */,
			);
			runOnlyForDeploymentPostprocessing = 0;
		};
/* End PBXFrameworksBuildPhase section */

/* Begin PBXGroup section */
		5FD7518026DD9D4C00DC3060 /* Shared */ = {
			isa = PBXGroup;
			children = (
				5FD7518126DD9D4C00DC3060 /* DocumentPicker.swift */,
				5FD7518226DD9D4C00DC3060 /* ModelApplication.swift */,
				1F2D7B692742D97700AAB11E /* PrintLogger.swift */,
			);
			name = Shared;
			path = ../../Shared;
			sourceTree = "<group>";
		};
		5FDD748926CDA9520007FBC6 = {
			isa = PBXGroup;
			children = (
				1F56529626D4651B002C7260 /* iOSSamples.xcconfig */,
				1F56529726D4651B002C7260 /* ITMApplication.xcconfig */,
				5FDD749426CDA9520007FBC6 /* SwiftUIStarter */,
				5FDD749326CDA9520007FBC6 /* Products */,
			);
			sourceTree = "<group>";
		};
		5FDD749326CDA9520007FBC6 /* Products */ = {
			isa = PBXGroup;
			children = (
				5FDD749226CDA9520007FBC6 /* SwiftUIStarter.app */,
			);
			name = Products;
			sourceTree = "<group>";
		};
		5FDD749426CDA9520007FBC6 /* SwiftUIStarter */ = {
			isa = PBXGroup;
			children = (
				C3B2F71A277B577F0023FAC7 /* Utilities */,
				C3CD1CD7277A421D00ACFE0F /* Models */,
				C3CD1CD2277A2EDD00ACFE0F /* Extensions */,
				C3CD1CCF277A265C00ACFE0F /* Network */,
				C3CD1CCC277A258500ACFE0F /* App */,
				C3BEC24E276D16720023E88A /* Screens */,
				5FD7518026DD9D4C00DC3060 /* Shared */,
				5FDD749926CDA9530007FBC6 /* Assets.xcassets */,
				5FDD749E26CDA9530007FBC6 /* Info.plist */,
				5FDD749B26CDA9530007FBC6 /* Preview Content */,
			);
			path = SwiftUIStarter;
			sourceTree = "<group>";
		};
		5FDD749B26CDA9530007FBC6 /* Preview Content */ = {
			isa = PBXGroup;
			children = (
				5FDD749C26CDA9530007FBC6 /* Preview Assets.xcassets */,
			);
			path = "Preview Content";
			sourceTree = "<group>";
		};
		C3B2F71A277B577F0023FAC7 /* Utilities */ = {
			isa = PBXGroup;
			children = (
				C3B2F71B277B578E0023FAC7 /* CustomErrors.swift */,
			);
			path = Utilities;
			sourceTree = "<group>";
		};
		C3B2F71D277B58130023FAC7 /* Projects */ = {
			isa = PBXGroup;
			children = (
				C3B2F71E277B59340023FAC7 /* ProjectsList.swift */,
				C3B2F728277B9F2C0023FAC7 /* ProjectsListViewModel.swift */,
				C3B2F720277B65A70023FAC7 /* ProjectDetailView.swift */,
				C3B2F722277B6AFC0023FAC7 /* ProjectDetailViewModel.swift */,
				C3E296D9277E03ED0010F5ED /* iModelLocationMapView.swift */,
				C3E296DB277E046F0010F5ED /* iModelLocationMapViewModel.swift */,
			);
			path = Projects;
			sourceTree = "<group>";
		};
		C3B2F72A277BAE010023FAC7 /* iModel */ = {
			isa = PBXGroup;
			children = (
				C3B2F72B277BAE170023FAC7 /* iModelView.swift */,
				C3B2F72D277BAFD10023FAC7 /* iModelViewModel.swift */,
				C3B2F731277BB26A0023FAC7 /* SwiftUIModelApplication.swift */,
				C3E296CE277CFB940010F5ED /* SwiftUiModelAppAuthClient.swift */,
				C3E296D0277CFBD60010F5ED /* iTwinMessages.swift */,
			);
			path = iModel;
			sourceTree = "<group>";
		};
		C3BEC24E276D16720023E88A /* Screens */ = {
			isa = PBXGroup;
			children = (
				C3B2F72A277BAE010023FAC7 /* iModel */,
				C3B2F71D277B58130023FAC7 /* Projects */,
				C3CD1CC8277A215700ACFE0F /* Home */,
			);
			path = Screens;
			sourceTree = "<group>";
		};
		C3CD1CC8277A215700ACFE0F /* Home */ = {
			isa = PBXGroup;
			children = (
				C3BEC24F276D16B00023E88A /* Home.swift */,
				C3CD1CCA277A217100ACFE0F /* HomeViewModel.swift */,
			);
			path = Home;
			sourceTree = "<group>";
		};
		C3CD1CCC277A258500ACFE0F /* App */ = {
			isa = PBXGroup;
			children = (
				5FDD749526CDA9520007FBC6 /* SwiftUIStarterApp.swift */,
				C3CD1CCD277A259A00ACFE0F /* AppDelegate.swift */,
			);
			path = App;
			sourceTree = "<group>";
		};
		C3CD1CCF277A265C00ACFE0F /* Network */ = {
			isa = PBXGroup;
			children = (
				C3CD1CD0277A266B00ACFE0F /* AuthHelpers.swift */,
				C3CD1CD5277A40EE00ACFE0F /* iTwinRequests.swift */,
			);
			path = Network;
			sourceTree = "<group>";
		};
		C3CD1CD2277A2EDD00ACFE0F /* Extensions */ = {
			isa = PBXGroup;
			children = (
				C3CD1CD3277A2EED00ACFE0F /* UIApplication+Ext.swift */,
				C3B2F718277B57410023FAC7 /* URLSession+Ext.swift */,
				C3B2F714277B56930023FAC7 /* OIDAuthorizationService+Ext.swift */,
				C3B2F716277B56BF0023FAC7 /* OIDAuthState+Ext.swift */,
				C3B2F726277B9CE00023FAC7 /* URL+Ext.swift */,
			);
			path = Extensions;
			sourceTree = "<group>";
		};
		C3CD1CD7277A421D00ACFE0F /* Models */ = {
			isa = PBXGroup;
			children = (
				C3CD1CD8277A423200ACFE0F /* Project.swift */,
				C3B2F724277B6DB60023FAC7 /* iModel.swift */,
			);
			path = Models;
			sourceTree = "<group>";
		};
/* End PBXGroup section */

/* Begin PBXNativeTarget section */
		5FDD749126CDA9520007FBC6 /* SwiftUIStarter */ = {
			isa = PBXNativeTarget;
			buildConfigurationList = 5FDD74A126CDA9530007FBC6 /* Build configuration list for PBXNativeTarget "SwiftUIStarter" */;
			buildPhases = (
				5FDD748E26CDA9520007FBC6 /* Sources */,
				5FDD748F26CDA9520007FBC6 /* Frameworks */,
				5FDD749026CDA9520007FBC6 /* Resources */,
				5FB2050526D03A5D00C4DBE1 /* Copy web app assets */,
			);
			buildRules = (
			);
			dependencies = (
			);
			name = SwiftUIStarter;
			packageProductDependencies = (
				5FB2050726D03B2600C4DBE1 /* ITwinMobile */,
			);
			productName = SwiftUIStarter;
			productReference = 5FDD749226CDA9520007FBC6 /* SwiftUIStarter.app */;
			productType = "com.apple.product-type.application";
		};
/* End PBXNativeTarget section */

/* Begin PBXProject section */
		5FDD748A26CDA9520007FBC6 /* Project object */ = {
			isa = PBXProject;
			attributes = {
				LastSwiftUpdateCheck = 1250;
				LastUpgradeCheck = 1310;
				TargetAttributes = {
					5FDD749126CDA9520007FBC6 = {
						CreatedOnToolsVersion = 12.5.1;
					};
				};
			};
			buildConfigurationList = 5FDD748D26CDA9520007FBC6 /* Build configuration list for PBXProject "SwiftUIStarter" */;
			compatibilityVersion = "Xcode 9.3";
			developmentRegion = en;
			hasScannedForEncodings = 0;
			knownRegions = (
				en,
				Base,
			);
			mainGroup = 5FDD748926CDA9520007FBC6;
			packageReferences = (
				5FB2050626D03B2600C4DBE1 /* XCRemoteSwiftPackageReference "mobile-sdk" */,
			);
			productRefGroup = 5FDD749326CDA9520007FBC6 /* Products */;
			projectDirPath = "";
			projectRoot = "";
			targets = (
				5FDD749126CDA9520007FBC6 /* SwiftUIStarter */,
			);
		};
/* End PBXProject section */

/* Begin PBXResourcesBuildPhase section */
		5FDD749026CDA9520007FBC6 /* Resources */ = {
			isa = PBXResourcesBuildPhase;
			buildActionMask = 2147483647;
			files = (
				5FDD749D26CDA9530007FBC6 /* Preview Assets.xcassets in Resources */,
				5FDD749A26CDA9530007FBC6 /* Assets.xcassets in Resources */,
			);
			runOnlyForDeploymentPostprocessing = 0;
		};
/* End PBXResourcesBuildPhase section */

/* Begin PBXShellScriptBuildPhase section */
		5FB2050526D03A5D00C4DBE1 /* Copy web app assets */ = {
			isa = PBXShellScriptBuildPhase;
			alwaysOutOfDate = 1;
			buildActionMask = 2147483647;
			files = (
			);
			inputFileListPaths = (
			);
			inputPaths = (
			);
			name = "Copy web app assets";
			outputFileListPaths = (
			);
			outputPaths = (
			);
			runOnlyForDeploymentPostprocessing = 0;
			shellPath = /bin/sh;
			shellScript = "\"${PROJECT_DIR}/../CopyWebAppAssets.sh\"\n";
		};
/* End PBXShellScriptBuildPhase section */

/* Begin PBXSourcesBuildPhase section */
		5FDD748E26CDA9520007FBC6 /* Sources */ = {
			isa = PBXSourcesBuildPhase;
			buildActionMask = 2147483647;
			files = (
				C3B2F72C277BAE170023FAC7 /* iModelView.swift in Sources */,
				5FD7518426DD9D4C00DC3060 /* ModelApplication.swift in Sources */,
				C3B2F732277BB26A0023FAC7 /* SwiftUIModelApplication.swift in Sources */,
				C3B2F725277B6DB60023FAC7 /* iModel.swift in Sources */,
				C3B2F71C277B578E0023FAC7 /* CustomErrors.swift in Sources */,
				C3B2F721277B65A70023FAC7 /* ProjectDetailView.swift in Sources */,
				C3CD1CD1277A266B00ACFE0F /* AuthHelpers.swift in Sources */,
				C3B2F71F277B59340023FAC7 /* ProjectsList.swift in Sources */,
				C3E296DC277E046F0010F5ED /* iModelLocationMapViewModel.swift in Sources */,
				C3B2F715277B56930023FAC7 /* OIDAuthorizationService+Ext.swift in Sources */,
				C3B2F727277B9CE00023FAC7 /* URL+Ext.swift in Sources */,
				C3CD1CCB277A217100ACFE0F /* HomeViewModel.swift in Sources */,
				C3B2F723277B6AFC0023FAC7 /* ProjectDetailViewModel.swift in Sources */,
				C3B2F719277B57410023FAC7 /* URLSession+Ext.swift in Sources */,
				1F2D7B6A2742D97700AAB11E /* PrintLogger.swift in Sources */,
				C3E296CF277CFB940010F5ED /* SwiftUiModelAppAuthClient.swift in Sources */,
				C3BEC250276D16B00023E88A /* Home.swift in Sources */,
				C3E296DA277E03ED0010F5ED /* iModelLocationMapView.swift in Sources */,
				C3E296D1277CFBD60010F5ED /* iTwinMessages.swift in Sources */,
				C3B2F717277B56BF0023FAC7 /* OIDAuthState+Ext.swift in Sources */,
				C3CD1CCE277A259A00ACFE0F /* AppDelegate.swift in Sources */,
				5FD7518326DD9D4C00DC3060 /* DocumentPicker.swift in Sources */,
				C3B2F729277B9F2C0023FAC7 /* ProjectsListViewModel.swift in Sources */,
				C3B2F72E277BAFD10023FAC7 /* iModelViewModel.swift in Sources */,
				C3CD1CD9277A423200ACFE0F /* Project.swift in Sources */,
				C3CD1CD4277A2EED00ACFE0F /* UIApplication+Ext.swift in Sources */,
				5FDD749626CDA9520007FBC6 /* SwiftUIStarterApp.swift in Sources */,
				C3CD1CD6277A40EE00ACFE0F /* iTwinRequests.swift in Sources */,
			);
			runOnlyForDeploymentPostprocessing = 0;
		};
/* End PBXSourcesBuildPhase section */

/* Begin XCBuildConfiguration section */
		5FDD749F26CDA9530007FBC6 /* Debug */ = {
			isa = XCBuildConfiguration;
			baseConfigurationReference = 1F56529626D4651B002C7260 /* iOSSamples.xcconfig */;
			buildSettings = {
				ALWAYS_SEARCH_USER_PATHS = NO;
				CLANG_ANALYZER_NONNULL = YES;
				CLANG_ANALYZER_NUMBER_OBJECT_CONVERSION = YES_AGGRESSIVE;
				CLANG_CXX_LANGUAGE_STANDARD = "gnu++14";
				CLANG_CXX_LIBRARY = "libc++";
				CLANG_ENABLE_MODULES = YES;
				CLANG_ENABLE_OBJC_ARC = YES;
				CLANG_ENABLE_OBJC_WEAK = YES;
				CLANG_WARN_BLOCK_CAPTURE_AUTORELEASING = YES;
				CLANG_WARN_BOOL_CONVERSION = YES;
				CLANG_WARN_COMMA = YES;
				CLANG_WARN_CONSTANT_CONVERSION = YES;
				CLANG_WARN_DEPRECATED_OBJC_IMPLEMENTATIONS = YES;
				CLANG_WARN_DIRECT_OBJC_ISA_USAGE = YES_ERROR;
				CLANG_WARN_DOCUMENTATION_COMMENTS = YES;
				CLANG_WARN_EMPTY_BODY = YES;
				CLANG_WARN_ENUM_CONVERSION = YES;
				CLANG_WARN_INFINITE_RECURSION = YES;
				CLANG_WARN_INT_CONVERSION = YES;
				CLANG_WARN_NON_LITERAL_NULL_CONVERSION = YES;
				CLANG_WARN_OBJC_IMPLICIT_RETAIN_SELF = YES;
				CLANG_WARN_OBJC_LITERAL_CONVERSION = YES;
				CLANG_WARN_OBJC_ROOT_CLASS = YES_ERROR;
				CLANG_WARN_QUOTED_INCLUDE_IN_FRAMEWORK_HEADER = YES;
				CLANG_WARN_RANGE_LOOP_ANALYSIS = YES;
				CLANG_WARN_STRICT_PROTOTYPES = YES;
				CLANG_WARN_SUSPICIOUS_MOVE = YES;
				CLANG_WARN_UNGUARDED_AVAILABILITY = YES_AGGRESSIVE;
				CLANG_WARN_UNREACHABLE_CODE = YES;
				CLANG_WARN__DUPLICATE_METHOD_MATCH = YES;
				COPY_PHASE_STRIP = NO;
				DEBUG_INFORMATION_FORMAT = dwarf;
				ENABLE_BITCODE = NO;
				ENABLE_STRICT_OBJC_MSGSEND = YES;
				ENABLE_TESTABILITY = YES;
				GCC_C_LANGUAGE_STANDARD = gnu11;
				GCC_DYNAMIC_NO_PIC = NO;
				GCC_NO_COMMON_BLOCKS = YES;
				GCC_OPTIMIZATION_LEVEL = 0;
				GCC_PREPROCESSOR_DEFINITIONS = (
					"DEBUG=1",
					"$(inherited)",
				);
				GCC_WARN_64_TO_32_BIT_CONVERSION = YES;
				GCC_WARN_ABOUT_RETURN_TYPE = YES_ERROR;
				GCC_WARN_UNDECLARED_SELECTOR = YES;
				GCC_WARN_UNINITIALIZED_AUTOS = YES_AGGRESSIVE;
				GCC_WARN_UNUSED_FUNCTION = YES;
				GCC_WARN_UNUSED_VARIABLE = YES;
				IPHONEOS_DEPLOYMENT_TARGET = 15.0;
				MTL_ENABLE_DEBUG_INFO = INCLUDE_SOURCE;
				MTL_FAST_MATH = YES;
				ONLY_ACTIVE_ARCH = YES;
				SDKROOT = iphoneos;
				SWIFT_ACTIVE_COMPILATION_CONDITIONS = DEBUG;
				SWIFT_OPTIMIZATION_LEVEL = "-Onone";
			};
			name = Debug;
		};
		5FDD74A026CDA9530007FBC6 /* Release */ = {
			isa = XCBuildConfiguration;
			baseConfigurationReference = 1F56529626D4651B002C7260 /* iOSSamples.xcconfig */;
			buildSettings = {
				ALWAYS_SEARCH_USER_PATHS = NO;
				CLANG_ANALYZER_NONNULL = YES;
				CLANG_ANALYZER_NUMBER_OBJECT_CONVERSION = YES_AGGRESSIVE;
				CLANG_CXX_LANGUAGE_STANDARD = "gnu++14";
				CLANG_CXX_LIBRARY = "libc++";
				CLANG_ENABLE_MODULES = YES;
				CLANG_ENABLE_OBJC_ARC = YES;
				CLANG_ENABLE_OBJC_WEAK = YES;
				CLANG_WARN_BLOCK_CAPTURE_AUTORELEASING = YES;
				CLANG_WARN_BOOL_CONVERSION = YES;
				CLANG_WARN_COMMA = YES;
				CLANG_WARN_CONSTANT_CONVERSION = YES;
				CLANG_WARN_DEPRECATED_OBJC_IMPLEMENTATIONS = YES;
				CLANG_WARN_DIRECT_OBJC_ISA_USAGE = YES_ERROR;
				CLANG_WARN_DOCUMENTATION_COMMENTS = YES;
				CLANG_WARN_EMPTY_BODY = YES;
				CLANG_WARN_ENUM_CONVERSION = YES;
				CLANG_WARN_INFINITE_RECURSION = YES;
				CLANG_WARN_INT_CONVERSION = YES;
				CLANG_WARN_NON_LITERAL_NULL_CONVERSION = YES;
				CLANG_WARN_OBJC_IMPLICIT_RETAIN_SELF = YES;
				CLANG_WARN_OBJC_LITERAL_CONVERSION = YES;
				CLANG_WARN_OBJC_ROOT_CLASS = YES_ERROR;
				CLANG_WARN_QUOTED_INCLUDE_IN_FRAMEWORK_HEADER = YES;
				CLANG_WARN_RANGE_LOOP_ANALYSIS = YES;
				CLANG_WARN_STRICT_PROTOTYPES = YES;
				CLANG_WARN_SUSPICIOUS_MOVE = YES;
				CLANG_WARN_UNGUARDED_AVAILABILITY = YES_AGGRESSIVE;
				CLANG_WARN_UNREACHABLE_CODE = YES;
				CLANG_WARN__DUPLICATE_METHOD_MATCH = YES;
				COPY_PHASE_STRIP = NO;
				DEBUG_INFORMATION_FORMAT = "dwarf-with-dsym";
				ENABLE_BITCODE = NO;
				ENABLE_NS_ASSERTIONS = NO;
				ENABLE_STRICT_OBJC_MSGSEND = YES;
				GCC_C_LANGUAGE_STANDARD = gnu11;
				GCC_NO_COMMON_BLOCKS = YES;
				GCC_WARN_64_TO_32_BIT_CONVERSION = YES;
				GCC_WARN_ABOUT_RETURN_TYPE = YES_ERROR;
				GCC_WARN_UNDECLARED_SELECTOR = YES;
				GCC_WARN_UNINITIALIZED_AUTOS = YES_AGGRESSIVE;
				GCC_WARN_UNUSED_FUNCTION = YES;
				GCC_WARN_UNUSED_VARIABLE = YES;
				IPHONEOS_DEPLOYMENT_TARGET = 15.0;
				MTL_ENABLE_DEBUG_INFO = NO;
				MTL_FAST_MATH = YES;
				SDKROOT = iphoneos;
				SWIFT_COMPILATION_MODE = wholemodule;
				SWIFT_OPTIMIZATION_LEVEL = "-O";
				VALIDATE_PRODUCT = YES;
			};
			name = Release;
		};
		5FDD74A226CDA9530007FBC6 /* Debug */ = {
			isa = XCBuildConfiguration;
			buildSettings = {
				ASSETCATALOG_COMPILER_APPICON_NAME = AppIcon;
				ASSETCATALOG_COMPILER_GLOBAL_ACCENT_COLOR_NAME = AccentColor;
				CODE_SIGN_STYLE = Automatic;
				DEVELOPMENT_ASSET_PATHS = "\"SwiftUIStarter/Preview Content\"";
				DEVELOPMENT_TEAM = GG2P773732;
				ENABLE_PREVIEWS = YES;
				INFOPLIST_FILE = SwiftUIStarter/Info.plist;
				IPHONEOS_DEPLOYMENT_TARGET = 15.0;
				LD_RUNPATH_SEARCH_PATHS = (
					"$(inherited)",
					"@executable_path/Frameworks",
				);
				PRODUCT_BUNDLE_IDENTIFIER = com.carlhinkle.iTwinSwiftUIBasedSample;
				PRODUCT_NAME = "$(TARGET_NAME)";
				SWIFT_VERSION = 5.0;
				TARGETED_DEVICE_FAMILY = "1,2";
			};
			name = Debug;
		};
		5FDD74A326CDA9530007FBC6 /* Release */ = {
			isa = XCBuildConfiguration;
			buildSettings = {
				ASSETCATALOG_COMPILER_APPICON_NAME = AppIcon;
				ASSETCATALOG_COMPILER_GLOBAL_ACCENT_COLOR_NAME = AccentColor;
				CODE_SIGN_STYLE = Automatic;
				DEVELOPMENT_ASSET_PATHS = "\"SwiftUIStarter/Preview Content\"";
				DEVELOPMENT_TEAM = GG2P773732;
				ENABLE_PREVIEWS = YES;
				INFOPLIST_FILE = SwiftUIStarter/Info.plist;
				IPHONEOS_DEPLOYMENT_TARGET = 15.0;
				LD_RUNPATH_SEARCH_PATHS = (
					"$(inherited)",
					"@executable_path/Frameworks",
				);
				PRODUCT_BUNDLE_IDENTIFIER = com.carlhinkle.iTwinSwiftUIBasedSample;
				PRODUCT_NAME = "$(TARGET_NAME)";
				SWIFT_VERSION = 5.0;
				TARGETED_DEVICE_FAMILY = "1,2";
			};
			name = Release;
		};
/* End XCBuildConfiguration section */

/* Begin XCConfigurationList section */
		5FDD748D26CDA9520007FBC6 /* Build configuration list for PBXProject "SwiftUIStarter" */ = {
			isa = XCConfigurationList;
			buildConfigurations = (
				5FDD749F26CDA9530007FBC6 /* Debug */,
				5FDD74A026CDA9530007FBC6 /* Release */,
			);
			defaultConfigurationIsVisible = 0;
			defaultConfigurationName = Release;
		};
		5FDD74A126CDA9530007FBC6 /* Build configuration list for PBXNativeTarget "SwiftUIStarter" */ = {
			isa = XCConfigurationList;
			buildConfigurations = (
				5FDD74A226CDA9530007FBC6 /* Debug */,
				5FDD74A326CDA9530007FBC6 /* Release */,
			);
			defaultConfigurationIsVisible = 0;
			defaultConfigurationName = Release;
		};
/* End XCConfigurationList section */

/* Begin XCRemoteSwiftPackageReference section */
		5FB2050626D03B2600C4DBE1 /* XCRemoteSwiftPackageReference "mobile-sdk" */ = {
			isa = XCRemoteSwiftPackageReference;
			repositoryURL = "https://github.com/iTwin/mobile-sdk.git";
			requirement = {
				kind = upToNextMajorVersion;
				minimumVersion = 0.0.15;
			};
		};
/* End XCRemoteSwiftPackageReference section */

/* Begin XCSwiftPackageProductDependency section */
		5FB2050726D03B2600C4DBE1 /* ITwinMobile */ = {
			isa = XCSwiftPackageProductDependency;
			package = 5FB2050626D03B2600C4DBE1 /* XCRemoteSwiftPackageReference "mobile-sdk" */;
			productName = ITwinMobile;
		};
/* End XCSwiftPackageProductDependency section */
	};
	rootObject = 5FDD748A26CDA9520007FBC6 /* Project object */;
}
